
Microsoft Visual Studio Solution File, Format Version 12.00
# Visual Studio Version 16
VisualStudioVersion = 16.0.29418.71
MinimumVisualStudioVersion = 10.0.40219.1
Project("{FAE04EC0-301F-11D3-BF4B-00C04F79EFBC}") = "Platforma", "Platforma\Platforma.csproj", "{0624DBB6-2BEA-44BE-BADD-6CA2604CBA46}"
EndProject
Global
	GlobalSection(SolutionConfigurationPlatforms) = preSolution
		Debug|Any CPU = Debug|Any CPU
		Release|Any CPU = Release|Any CPU
	EndGlobalSection
	GlobalSection(ProjectConfigurationPlatforms) = postSolution
		{0624DBB6-2BEA-44BE-BADD-6CA2604CBA46}.Debug|Any CPU.ActiveCfg = Debug|Any CPU
		{0624DBB6-2BEA-44BE-BADD-6CA2604CBA46}.Debug|Any CPU.Build.0 = Debug|Any CPU
		{0624DBB6-2BEA-44BE-BADD-6CA2604CBA46}.Release|Any CPU.ActiveCfg = Release|Any CPU
		{0624DBB6-2BEA-44BE-BADD-6CA2604CBA46}.Release|Any CPU.Build.0 = Release|Any CPU
	EndGlobalSection
	GlobalSection(SolutionProperties) = preSolution
		HideSolutionNode = FALSE
	EndGlobalSection
	GlobalSection(ExtensibilityGlobals) = postSolution
		SolutionGuid = {287B9AC8-9FA2-4E60-818A-D77B5980F82A}
	EndGlobalSection
EndGlobal
